
Microsoft Visual Studio Solution File, Format Version 12.00
# Visual Studio 15
VisualStudioVersion = 15.0.28306.52
MinimumVisualStudioVersion = 10.0.40219.1
Project("{FAE04EC0-301F-11D3-BF4B-00C04F79EFBC}") = "our-food-chain-bot", "our-food-chain-bot\our-food-chain-bot.csproj", "{8EA1FE67-F170-45B4-ABB0-A1DD6142C389}"
EndProject
Global
	GlobalSection(SolutionConfigurationPlatforms) = preSolution
		Debug|Any CPU = Debug|Any CPU
		Release|Any CPU = Release|Any CPU
	EndGlobalSection
	GlobalSection(ProjectConfigurationPlatforms) = postSolution
		{8EA1FE67-F170-45B4-ABB0-A1DD6142C389}.Debug|Any CPU.ActiveCfg = Debug|Any CPU
		{8EA1FE67-F170-45B4-ABB0-A1DD6142C389}.Debug|Any CPU.Build.0 = Debug|Any CPU
		{8EA1FE67-F170-45B4-ABB0-A1DD6142C389}.Release|Any CPU.ActiveCfg = Release|Any CPU
		{8EA1FE67-F170-45B4-ABB0-A1DD6142C389}.Release|Any CPU.Build.0 = Release|Any CPU
	EndGlobalSection
	GlobalSection(SolutionProperties) = preSolution
		HideSolutionNode = FALSE
	EndGlobalSection
	GlobalSection(ExtensibilityGlobals) = postSolution
		SolutionGuid = {1C34FBF8-4A80-4981-9067-5148B43D4D55}
	EndGlobalSection
EndGlobal
