
Microsoft Visual Studio Solution File, Format Version 12.00
# Visual Studio Version 16
VisualStudioVersion = 16.0.29613.14
MinimumVisualStudioVersion = 10.0.40219.1
Project("{FAE04EC0-301F-11D3-BF4B-00C04F79EFBC}") = "OurFoodChain.Bot", "OurFoodChain.Bot\OurFoodChain.Bot.csproj", "{8EA1FE67-F170-45B4-ABB0-A1DD6142C389}"
EndProject
Project("{FAE04EC0-301F-11D3-BF4B-00C04F79EFBC}") = "OurFoodChain.WikiBot", "OurFoodChain.WikiBot\OurFoodChain.WikiBot.csproj", "{FBFC575F-C02A-485E-AB50-487805FDBC54}"
EndProject
Project("{FAE04EC0-301F-11D3-BF4B-00C04F79EFBC}") = "OurFoodChain.Bot.Tests", "OurFoodChain.Bot.Tests\OurFoodChain.Bot.Tests.csproj", "{9D3DEB5F-8587-47A9-B8B6-A8BA7C04CFAE}"
EndProject
Project("{9A19103F-16F7-4668-BE54-9A1E7A4F7556}") = "OurFoodChain.Common", "OurFoodChain.Common\OurFoodChain.Common.csproj", "{A24672F7-2D13-4E4C-87EB-9F990BEEBDB4}"
EndProject
Project("{9A19103F-16F7-4668-BE54-9A1E7A4F7556}") = "OurFoodChain.Discord", "OurFoodChain.Discord\OurFoodChain.Discord.csproj", "{21E5D854-183F-4C24-94E4-6C3B0B31FE85}"
EndProject
Project("{2150E333-8FDC-42A3-9474-1A3956D46DE8}") = "lib", "lib", "{721AB7CC-0FF9-4E5E-9625-378D3046AE76}"
EndProject
Project("{2150E333-8FDC-42A3-9474-1A3956D46DE8}") = "bot", "bot", "{80E36021-690B-44B2-9F55-FAD6D8B97705}"
EndProject
Project("{2150E333-8FDC-42A3-9474-1A3956D46DE8}") = "tests", "tests", "{DCA900D3-E9A9-4A39-9064-EC28A78537BE}"
EndProject
Project("{9A19103F-16F7-4668-BE54-9A1E7A4F7556}") = "OurFoodChain.Drawing", "OurFoodChain.Drawing\OurFoodChain.Drawing.csproj", "{E24F30FD-E82F-4709-B0C3-68C7EAB7AC61}"
EndProject
Project("{9A19103F-16F7-4668-BE54-9A1E7A4F7556}") = "OurFoodChain.Data", "OurFoodChain.Data\OurFoodChain.Data.csproj", "{3A9FFD0B-954C-4D9B-8784-D595CE65E236}"
EndProject
Project("{9A19103F-16F7-4668-BE54-9A1E7A4F7556}") = "OurFoodChain.Debug", "OurFoodChain.Debug\OurFoodChain.Debug.csproj", "{57AAD8BE-E84F-4A99-8BB3-F6131F7FE64B}"
EndProject
Project("{9A19103F-16F7-4668-BE54-9A1E7A4F7556}") = "OurFoodChain.Trophies", "OurFoodChain.Trophies\OurFoodChain.Trophies.csproj", "{BD426B2E-C9E4-4E76-9F04-AE0666052131}"
EndProject
Project("{9A19103F-16F7-4668-BE54-9A1E7A4F7556}") = "OurFoodChain.Gotchis", "OurFoodChain.Gotchis\OurFoodChain.Gotchis.csproj", "{1456FC2C-3AE3-42FF-A0CF-BC3558327E09}"
EndProject
Project("{FAE04EC0-301F-11D3-BF4B-00C04F79EFBC}") = "OurFoodChain.Wiki", "OurFoodChain.Wiki\OurFoodChain.Wiki.csproj", "{51098E65-2CD8-4295-8BBF-403F7D97311A}"
EndProject
Global
	GlobalSection(SolutionConfigurationPlatforms) = preSolution
		Debug|Any CPU = Debug|Any CPU
		Release|Any CPU = Release|Any CPU
	EndGlobalSection
	GlobalSection(ProjectConfigurationPlatforms) = postSolution
		{8EA1FE67-F170-45B4-ABB0-A1DD6142C389}.Debug|Any CPU.ActiveCfg = Debug|Any CPU
		{8EA1FE67-F170-45B4-ABB0-A1DD6142C389}.Debug|Any CPU.Build.0 = Debug|Any CPU
		{8EA1FE67-F170-45B4-ABB0-A1DD6142C389}.Release|Any CPU.ActiveCfg = Release|Any CPU
		{8EA1FE67-F170-45B4-ABB0-A1DD6142C389}.Release|Any CPU.Build.0 = Release|Any CPU
		{FBFC575F-C02A-485E-AB50-487805FDBC54}.Debug|Any CPU.ActiveCfg = Debug|Any CPU
		{FBFC575F-C02A-485E-AB50-487805FDBC54}.Debug|Any CPU.Build.0 = Debug|Any CPU
		{FBFC575F-C02A-485E-AB50-487805FDBC54}.Release|Any CPU.ActiveCfg = Release|Any CPU
		{FBFC575F-C02A-485E-AB50-487805FDBC54}.Release|Any CPU.Build.0 = Release|Any CPU
		{9D3DEB5F-8587-47A9-B8B6-A8BA7C04CFAE}.Debug|Any CPU.ActiveCfg = Debug|Any CPU
		{9D3DEB5F-8587-47A9-B8B6-A8BA7C04CFAE}.Debug|Any CPU.Build.0 = Debug|Any CPU
		{9D3DEB5F-8587-47A9-B8B6-A8BA7C04CFAE}.Release|Any CPU.ActiveCfg = Release|Any CPU
		{9D3DEB5F-8587-47A9-B8B6-A8BA7C04CFAE}.Release|Any CPU.Build.0 = Release|Any CPU
		{A24672F7-2D13-4E4C-87EB-9F990BEEBDB4}.Debug|Any CPU.ActiveCfg = Debug|Any CPU
		{A24672F7-2D13-4E4C-87EB-9F990BEEBDB4}.Debug|Any CPU.Build.0 = Debug|Any CPU
		{A24672F7-2D13-4E4C-87EB-9F990BEEBDB4}.Release|Any CPU.ActiveCfg = Release|Any CPU
		{A24672F7-2D13-4E4C-87EB-9F990BEEBDB4}.Release|Any CPU.Build.0 = Release|Any CPU
		{21E5D854-183F-4C24-94E4-6C3B0B31FE85}.Debug|Any CPU.ActiveCfg = Debug|Any CPU
		{21E5D854-183F-4C24-94E4-6C3B0B31FE85}.Debug|Any CPU.Build.0 = Debug|Any CPU
		{21E5D854-183F-4C24-94E4-6C3B0B31FE85}.Release|Any CPU.ActiveCfg = Release|Any CPU
		{21E5D854-183F-4C24-94E4-6C3B0B31FE85}.Release|Any CPU.Build.0 = Release|Any CPU
		{E24F30FD-E82F-4709-B0C3-68C7EAB7AC61}.Debug|Any CPU.ActiveCfg = Debug|Any CPU
		{E24F30FD-E82F-4709-B0C3-68C7EAB7AC61}.Debug|Any CPU.Build.0 = Debug|Any CPU
		{E24F30FD-E82F-4709-B0C3-68C7EAB7AC61}.Release|Any CPU.ActiveCfg = Release|Any CPU
		{E24F30FD-E82F-4709-B0C3-68C7EAB7AC61}.Release|Any CPU.Build.0 = Release|Any CPU
		{3A9FFD0B-954C-4D9B-8784-D595CE65E236}.Debug|Any CPU.ActiveCfg = Debug|Any CPU
		{3A9FFD0B-954C-4D9B-8784-D595CE65E236}.Debug|Any CPU.Build.0 = Debug|Any CPU
		{3A9FFD0B-954C-4D9B-8784-D595CE65E236}.Release|Any CPU.ActiveCfg = Release|Any CPU
		{3A9FFD0B-954C-4D9B-8784-D595CE65E236}.Release|Any CPU.Build.0 = Release|Any CPU
		{57AAD8BE-E84F-4A99-8BB3-F6131F7FE64B}.Debug|Any CPU.ActiveCfg = Debug|Any CPU
		{57AAD8BE-E84F-4A99-8BB3-F6131F7FE64B}.Debug|Any CPU.Build.0 = Debug|Any CPU
		{57AAD8BE-E84F-4A99-8BB3-F6131F7FE64B}.Release|Any CPU.ActiveCfg = Release|Any CPU
		{57AAD8BE-E84F-4A99-8BB3-F6131F7FE64B}.Release|Any CPU.Build.0 = Release|Any CPU
		{BD426B2E-C9E4-4E76-9F04-AE0666052131}.Debug|Any CPU.ActiveCfg = Debug|Any CPU
		{BD426B2E-C9E4-4E76-9F04-AE0666052131}.Debug|Any CPU.Build.0 = Debug|Any CPU
		{BD426B2E-C9E4-4E76-9F04-AE0666052131}.Release|Any CPU.ActiveCfg = Release|Any CPU
		{BD426B2E-C9E4-4E76-9F04-AE0666052131}.Release|Any CPU.Build.0 = Release|Any CPU
		{1456FC2C-3AE3-42FF-A0CF-BC3558327E09}.Debug|Any CPU.ActiveCfg = Debug|Any CPU
		{1456FC2C-3AE3-42FF-A0CF-BC3558327E09}.Debug|Any CPU.Build.0 = Debug|Any CPU
		{1456FC2C-3AE3-42FF-A0CF-BC3558327E09}.Release|Any CPU.ActiveCfg = Release|Any CPU
		{1456FC2C-3AE3-42FF-A0CF-BC3558327E09}.Release|Any CPU.Build.0 = Release|Any CPU
		{51098E65-2CD8-4295-8BBF-403F7D97311A}.Debug|Any CPU.ActiveCfg = Debug|Any CPU
		{51098E65-2CD8-4295-8BBF-403F7D97311A}.Debug|Any CPU.Build.0 = Debug|Any CPU
		{51098E65-2CD8-4295-8BBF-403F7D97311A}.Release|Any CPU.ActiveCfg = Release|Any CPU
		{51098E65-2CD8-4295-8BBF-403F7D97311A}.Release|Any CPU.Build.0 = Release|Any CPU
	EndGlobalSection
	GlobalSection(SolutionProperties) = preSolution
		HideSolutionNode = FALSE
	EndGlobalSection
	GlobalSection(NestedProjects) = preSolution
		{8EA1FE67-F170-45B4-ABB0-A1DD6142C389} = {80E36021-690B-44B2-9F55-FAD6D8B97705}
		{FBFC575F-C02A-485E-AB50-487805FDBC54} = {80E36021-690B-44B2-9F55-FAD6D8B97705}
		{9D3DEB5F-8587-47A9-B8B6-A8BA7C04CFAE} = {DCA900D3-E9A9-4A39-9064-EC28A78537BE}
		{A24672F7-2D13-4E4C-87EB-9F990BEEBDB4} = {721AB7CC-0FF9-4E5E-9625-378D3046AE76}
		{21E5D854-183F-4C24-94E4-6C3B0B31FE85} = {721AB7CC-0FF9-4E5E-9625-378D3046AE76}
		{E24F30FD-E82F-4709-B0C3-68C7EAB7AC61} = {721AB7CC-0FF9-4E5E-9625-378D3046AE76}
		{3A9FFD0B-954C-4D9B-8784-D595CE65E236} = {721AB7CC-0FF9-4E5E-9625-378D3046AE76}
		{57AAD8BE-E84F-4A99-8BB3-F6131F7FE64B} = {721AB7CC-0FF9-4E5E-9625-378D3046AE76}
		{BD426B2E-C9E4-4E76-9F04-AE0666052131} = {721AB7CC-0FF9-4E5E-9625-378D3046AE76}
		{1456FC2C-3AE3-42FF-A0CF-BC3558327E09} = {721AB7CC-0FF9-4E5E-9625-378D3046AE76}
		{51098E65-2CD8-4295-8BBF-403F7D97311A} = {721AB7CC-0FF9-4E5E-9625-378D3046AE76}
	EndGlobalSection
	GlobalSection(ExtensibilityGlobals) = postSolution
		SolutionGuid = {1C34FBF8-4A80-4981-9067-5148B43D4D55}
	EndGlobalSection
EndGlobal
